// !$*UTF8*$!
{
	archiveVersion = 1;
	classes = {
	};
	objectVersion = 50;
	objects = {

/* Begin PBXBuildFile section */
		47F9CB38D927D45E02E6DCCB /* libPods-SerrandaManager.a in Frameworks */ = {isa = PBXBuildFile; fileRef = 5168143691C884686C56572C /* libPods-SerrandaManager.a */; };
		4CE28613243F3EB20028B773 /* AppDelegate.swift in Sources */ = {isa = PBXBuildFile; fileRef = 4CE28612243F3EB20028B773 /* AppDelegate.swift */; };
		4CE28615243F3EB20028B773 /* SceneDelegate.swift in Sources */ = {isa = PBXBuildFile; fileRef = 4CE28614243F3EB20028B773 /* SceneDelegate.swift */; };
		4CE28617243F3EB20028B773 /* ViewController.swift in Sources */ = {isa = PBXBuildFile; fileRef = 4CE28616243F3EB20028B773 /* ViewController.swift */; };
		4CE2861A243F3EB20028B773 /* Main.storyboard in Resources */ = {isa = PBXBuildFile; fileRef = 4CE28618243F3EB20028B773 /* Main.storyboard */; };
		4CE2861D243F3EB20028B773 /* SerrandaManager.xcdatamodeld in Sources */ = {isa = PBXBuildFile; fileRef = 4CE2861B243F3EB20028B773 /* SerrandaManager.xcdatamodeld */; };
		4CE2861F243F3EB30028B773 /* Assets.xcassets in Resources */ = {isa = PBXBuildFile; fileRef = 4CE2861E243F3EB30028B773 /* Assets.xcassets */; };
		4CE28622243F3EB30028B773 /* LaunchScreen.storyboard in Resources */ = {isa = PBXBuildFile; fileRef = 4CE28620243F3EB30028B773 /* LaunchScreen.storyboard */; };
		4CE2862D243F3EB30028B773 /* SerrandaManagerTests.swift in Sources */ = {isa = PBXBuildFile; fileRef = 4CE2862C243F3EB30028B773 /* SerrandaManagerTests.swift */; };
		4CE28638243F3EB30028B773 /* SerrandaManagerUITests.swift in Sources */ = {isa = PBXBuildFile; fileRef = 4CE28637243F3EB30028B773 /* SerrandaManagerUITests.swift */; };
		5D311BC270BB035E7C266ECB /* libPods-SerrandaManager-SerrandaManagerUITests.a in Frameworks */ = {isa = PBXBuildFile; fileRef = D008B9549D2444FEB9B65BF5 /* libPods-SerrandaManager-SerrandaManagerUITests.a */; };
		E2B3C5988E323FBAF6922CA7 /* libPods-SerrandaManagerTests.a in Frameworks */ = {isa = PBXBuildFile; fileRef = 64C234C028B2CE35C3E9A659 /* libPods-SerrandaManagerTests.a */; };
/* End PBXBuildFile section */

/* Begin PBXContainerItemProxy section */
		4CE28629243F3EB30028B773 /* PBXContainerItemProxy */ = {
			isa = PBXContainerItemProxy;
			containerPortal = 4CE28607243F3EB20028B773 /* Project object */;
			proxyType = 1;
			remoteGlobalIDString = 4CE2860E243F3EB20028B773;
			remoteInfo = SerrandaManager;
		};
		4CE28634243F3EB30028B773 /* PBXContainerItemProxy */ = {
			isa = PBXContainerItemProxy;
			containerPortal = 4CE28607243F3EB20028B773 /* Project object */;
			proxyType = 1;
			remoteGlobalIDString = 4CE2860E243F3EB20028B773;
			remoteInfo = SerrandaManager;
		};
/* End PBXContainerItemProxy section */

/* Begin PBXFileReference section */
		0099702FE4D25CBAF9651E1E /* Pods-SerrandaManagerTests.release.xcconfig */ = {isa = PBXFileReference; includeInIndex = 1; lastKnownFileType = text.xcconfig; name = "Pods-SerrandaManagerTests.release.xcconfig"; path = "Target Support Files/Pods-SerrandaManagerTests/Pods-SerrandaManagerTests.release.xcconfig"; sourceTree = "<group>"; };
		1CE8FC906CFBA734C8A23D92 /* Pods-SerrandaManager.release.xcconfig */ = {isa = PBXFileReference; includeInIndex = 1; lastKnownFileType = text.xcconfig; name = "Pods-SerrandaManager.release.xcconfig"; path = "Target Support Files/Pods-SerrandaManager/Pods-SerrandaManager.release.xcconfig"; sourceTree = "<group>"; };
		44D9408F7346E163499E3BCB /* Pods-SerrandaManager-SerrandaManagerUITests.debug.xcconfig */ = {isa = PBXFileReference; includeInIndex = 1; lastKnownFileType = text.xcconfig; name = "Pods-SerrandaManager-SerrandaManagerUITests.debug.xcconfig"; path = "Target Support Files/Pods-SerrandaManager-SerrandaManagerUITests/Pods-SerrandaManager-SerrandaManagerUITests.debug.xcconfig"; sourceTree = "<group>"; };
		4CE2860F243F3EB20028B773 /* SerrandaManager.app */ = {isa = PBXFileReference; explicitFileType = wrapper.application; includeInIndex = 0; path = SerrandaManager.app; sourceTree = BUILT_PRODUCTS_DIR; };
		4CE28612243F3EB20028B773 /* AppDelegate.swift */ = {isa = PBXFileReference; lastKnownFileType = sourcecode.swift; path = AppDelegate.swift; sourceTree = "<group>"; };
		4CE28614243F3EB20028B773 /* SceneDelegate.swift */ = {isa = PBXFileReference; lastKnownFileType = sourcecode.swift; path = SceneDelegate.swift; sourceTree = "<group>"; };
		4CE28616243F3EB20028B773 /* ViewController.swift */ = {isa = PBXFileReference; lastKnownFileType = sourcecode.swift; path = ViewController.swift; sourceTree = "<group>"; };
		4CE28619243F3EB20028B773 /* Base */ = {isa = PBXFileReference; lastKnownFileType = file.storyboard; name = Base; path = Base.lproj/Main.storyboard; sourceTree = "<group>"; };
		4CE2861C243F3EB20028B773 /* SerrandaManager.xcdatamodel */ = {isa = PBXFileReference; lastKnownFileType = wrapper.xcdatamodel; path = SerrandaManager.xcdatamodel; sourceTree = "<group>"; };
		4CE2861E243F3EB30028B773 /* Assets.xcassets */ = {isa = PBXFileReference; lastKnownFileType = folder.assetcatalog; path = Assets.xcassets; sourceTree = "<group>"; };
		4CE28621243F3EB30028B773 /* Base */ = {isa = PBXFileReference; lastKnownFileType = file.storyboard; name = Base; path = Base.lproj/LaunchScreen.storyboard; sourceTree = "<group>"; };
		4CE28623243F3EB30028B773 /* Info.plist */ = {isa = PBXFileReference; lastKnownFileType = text.plist.xml; path = Info.plist; sourceTree = "<group>"; };
		4CE28628243F3EB30028B773 /* SerrandaManagerTests.xctest */ = {isa = PBXFileReference; explicitFileType = wrapper.cfbundle; includeInIndex = 0; path = SerrandaManagerTests.xctest; sourceTree = BUILT_PRODUCTS_DIR; };
		4CE2862C243F3EB30028B773 /* SerrandaManagerTests.swift */ = {isa = PBXFileReference; lastKnownFileType = sourcecode.swift; path = SerrandaManagerTests.swift; sourceTree = "<group>"; };
		4CE2862E243F3EB30028B773 /* Info.plist */ = {isa = PBXFileReference; lastKnownFileType = text.plist.xml; path = Info.plist; sourceTree = "<group>"; };
		4CE28633243F3EB30028B773 /* SerrandaManagerUITests.xctest */ = {isa = PBXFileReference; explicitFileType = wrapper.cfbundle; includeInIndex = 0; path = SerrandaManagerUITests.xctest; sourceTree = BUILT_PRODUCTS_DIR; };
		4CE28637243F3EB30028B773 /* SerrandaManagerUITests.swift */ = {isa = PBXFileReference; lastKnownFileType = sourcecode.swift; path = SerrandaManagerUITests.swift; sourceTree = "<group>"; };
		4CE28639243F3EB30028B773 /* Info.plist */ = {isa = PBXFileReference; lastKnownFileType = text.plist.xml; path = Info.plist; sourceTree = "<group>"; };
		4CE28645243F3EC70028B773 /* SerrandaManager.entitlements */ = {isa = PBXFileReference; lastKnownFileType = text.plist.entitlements; path = SerrandaManager.entitlements; sourceTree = "<group>"; };
		5168143691C884686C56572C /* libPods-SerrandaManager.a */ = {isa = PBXFileReference; explicitFileType = archive.ar; includeInIndex = 0; path = "libPods-SerrandaManager.a"; sourceTree = BUILT_PRODUCTS_DIR; };
		5335906A52668922816EE348 /* Pods-SerrandaManagerTests.debug.xcconfig */ = {isa = PBXFileReference; includeInIndex = 1; lastKnownFileType = text.xcconfig; name = "Pods-SerrandaManagerTests.debug.xcconfig"; path = "Target Support Files/Pods-SerrandaManagerTests/Pods-SerrandaManagerTests.debug.xcconfig"; sourceTree = "<group>"; };
		5663B310265CC8391A31F255 /* Pods-SerrandaManager.debug.xcconfig */ = {isa = PBXFileReference; includeInIndex = 1; lastKnownFileType = text.xcconfig; name = "Pods-SerrandaManager.debug.xcconfig"; path = "Target Support Files/Pods-SerrandaManager/Pods-SerrandaManager.debug.xcconfig"; sourceTree = "<group>"; };
		64C234C028B2CE35C3E9A659 /* libPods-SerrandaManagerTests.a */ = {isa = PBXFileReference; explicitFileType = archive.ar; includeInIndex = 0; path = "libPods-SerrandaManagerTests.a"; sourceTree = BUILT_PRODUCTS_DIR; };
		729AEF7897AABF3BABE0CF64 /* Pods-SerrandaManager-SerrandaManagerUITests.release.xcconfig */ = {isa = PBXFileReference; includeInIndex = 1; lastKnownFileType = text.xcconfig; name = "Pods-SerrandaManager-SerrandaManagerUITests.release.xcconfig"; path = "Target Support Files/Pods-SerrandaManager-SerrandaManagerUITests/Pods-SerrandaManager-SerrandaManagerUITests.release.xcconfig"; sourceTree = "<group>"; };
		D008B9549D2444FEB9B65BF5 /* libPods-SerrandaManager-SerrandaManagerUITests.a */ = {isa = PBXFileReference; explicitFileType = archive.ar; includeInIndex = 0; path = "libPods-SerrandaManager-SerrandaManagerUITests.a"; sourceTree = BUILT_PRODUCTS_DIR; };
/* End PBXFileReference section */

/* Begin PBXFrameworksBuildPhase section */
		4CE2860C243F3EB20028B773 /* Frameworks */ = {
			isa = PBXFrameworksBuildPhase;
			buildActionMask = 2147483647;
			files = (
				47F9CB38D927D45E02E6DCCB /* libPods-SerrandaManager.a in Frameworks */,
			);
			runOnlyForDeploymentPostprocessing = 0;
		};
		4CE28625243F3EB30028B773 /* Frameworks */ = {
			isa = PBXFrameworksBuildPhase;
			buildActionMask = 2147483647;
			files = (
				E2B3C5988E323FBAF6922CA7 /* libPods-SerrandaManagerTests.a in Frameworks */,
			);
			runOnlyForDeploymentPostprocessing = 0;
		};
		4CE28630243F3EB30028B773 /* Frameworks */ = {
			isa = PBXFrameworksBuildPhase;
			buildActionMask = 2147483647;
			files = (
				5D311BC270BB035E7C266ECB /* libPods-SerrandaManager-SerrandaManagerUITests.a in Frameworks */,
			);
			runOnlyForDeploymentPostprocessing = 0;
		};
/* End PBXFrameworksBuildPhase section */

/* Begin PBXGroup section */
		4CE28606243F3EB20028B773 = {
			isa = PBXGroup;
			children = (
				4CE28611243F3EB20028B773 /* SerrandaManager */,
				4CE2862B243F3EB30028B773 /* SerrandaManagerTests */,
				4CE28636243F3EB30028B773 /* SerrandaManagerUITests */,
				4CE28610243F3EB20028B773 /* Products */,
				9436B0A8D7280653F5B1AE04 /* Pods */,
				83A335903F38F0ABAD12E62F /* Frameworks */,
			);
			sourceTree = "<group>";
		};
		4CE28610243F3EB20028B773 /* Products */ = {
			isa = PBXGroup;
			children = (
				4CE2860F243F3EB20028B773 /* SerrandaManager.app */,
				4CE28628243F3EB30028B773 /* SerrandaManagerTests.xctest */,
				4CE28633243F3EB30028B773 /* SerrandaManagerUITests.xctest */,
			);
			name = Products;
			sourceTree = "<group>";
		};
		4CE28611243F3EB20028B773 /* SerrandaManager */ = {
			isa = PBXGroup;
			children = (
				4CE28645243F3EC70028B773 /* SerrandaManager.entitlements */,
				4CE28612243F3EB20028B773 /* AppDelegate.swift */,
				4CE28614243F3EB20028B773 /* SceneDelegate.swift */,
				4CE28616243F3EB20028B773 /* ViewController.swift */,
				4CE28618243F3EB20028B773 /* Main.storyboard */,
				4CE2861E243F3EB30028B773 /* Assets.xcassets */,
				4CE28620243F3EB30028B773 /* LaunchScreen.storyboard */,
				4CE28623243F3EB30028B773 /* Info.plist */,
				4CE2861B243F3EB20028B773 /* SerrandaManager.xcdatamodeld */,
			);
			path = SerrandaManager;
			sourceTree = "<group>";
		};
		4CE2862B243F3EB30028B773 /* SerrandaManagerTests */ = {
			isa = PBXGroup;
			children = (
				4CE2862C243F3EB30028B773 /* SerrandaManagerTests.swift */,
				4CE2862E243F3EB30028B773 /* Info.plist */,
			);
			path = SerrandaManagerTests;
			sourceTree = "<group>";
		};
		4CE28636243F3EB30028B773 /* SerrandaManagerUITests */ = {
			isa = PBXGroup;
			children = (
				4CE28637243F3EB30028B773 /* SerrandaManagerUITests.swift */,
				4CE28639243F3EB30028B773 /* Info.plist */,
			);
			path = SerrandaManagerUITests;
			sourceTree = "<group>";
		};
		83A335903F38F0ABAD12E62F /* Frameworks */ = {
			isa = PBXGroup;
			children = (
				5168143691C884686C56572C /* libPods-SerrandaManager.a */,
				D008B9549D2444FEB9B65BF5 /* libPods-SerrandaManager-SerrandaManagerUITests.a */,
				64C234C028B2CE35C3E9A659 /* libPods-SerrandaManagerTests.a */,
			);
			name = Frameworks;
			sourceTree = "<group>";
		};
		9436B0A8D7280653F5B1AE04 /* Pods */ = {
			isa = PBXGroup;
			children = (
				5663B310265CC8391A31F255 /* Pods-SerrandaManager.debug.xcconfig */,
				1CE8FC906CFBA734C8A23D92 /* Pods-SerrandaManager.release.xcconfig */,
				44D9408F7346E163499E3BCB /* Pods-SerrandaManager-SerrandaManagerUITests.debug.xcconfig */,
				729AEF7897AABF3BABE0CF64 /* Pods-SerrandaManager-SerrandaManagerUITests.release.xcconfig */,
				5335906A52668922816EE348 /* Pods-SerrandaManagerTests.debug.xcconfig */,
				0099702FE4D25CBAF9651E1E /* Pods-SerrandaManagerTests.release.xcconfig */,
			);
			name = Pods;
			path = Pods;
			sourceTree = "<group>";
		};
/* End PBXGroup section */

/* Begin PBXNativeTarget section */
		4CE2860E243F3EB20028B773 /* SerrandaManager */ = {
			isa = PBXNativeTarget;
			buildConfigurationList = 4CE2863C243F3EB30028B773 /* Build configuration list for PBXNativeTarget "SerrandaManager" */;
			buildPhases = (
				11C2E1056020A29DE8705A0C /* [CP] Check Pods Manifest.lock */,
				4CE2860B243F3EB20028B773 /* Sources */,
				4CE2860C243F3EB20028B773 /* Frameworks */,
				4CE2860D243F3EB20028B773 /* Resources */,
			);
			buildRules = (
			);
			dependencies = (
			);
			name = SerrandaManager;
			productName = SerrandaManager;
			productReference = 4CE2860F243F3EB20028B773 /* SerrandaManager.app */;
			productType = "com.apple.product-type.application";
		};
		4CE28627243F3EB30028B773 /* SerrandaManagerTests */ = {
			isa = PBXNativeTarget;
			buildConfigurationList = 4CE2863F243F3EB30028B773 /* Build configuration list for PBXNativeTarget "SerrandaManagerTests" */;
			buildPhases = (
				1D91169CD27B8AF6E63B587C /* [CP] Check Pods Manifest.lock */,
				4CE28624243F3EB30028B773 /* Sources */,
				4CE28625243F3EB30028B773 /* Frameworks */,
				4CE28626243F3EB30028B773 /* Resources */,
			);
			buildRules = (
			);
			dependencies = (
				4CE2862A243F3EB30028B773 /* PBXTargetDependency */,
			);
			name = SerrandaManagerTests;
			productName = SerrandaManagerTests;
			productReference = 4CE28628243F3EB30028B773 /* SerrandaManagerTests.xctest */;
			productType = "com.apple.product-type.bundle.unit-test";
		};
		4CE28632243F3EB30028B773 /* SerrandaManagerUITests */ = {
			isa = PBXNativeTarget;
			buildConfigurationList = 4CE28642243F3EB30028B773 /* Build configuration list for PBXNativeTarget "SerrandaManagerUITests" */;
			buildPhases = (
				2503AECCCD931A54AA826DA5 /* [CP] Check Pods Manifest.lock */,
				4CE2862F243F3EB30028B773 /* Sources */,
				4CE28630243F3EB30028B773 /* Frameworks */,
				4CE28631243F3EB30028B773 /* Resources */,
			);
			buildRules = (
			);
			dependencies = (
				4CE28635243F3EB30028B773 /* PBXTargetDependency */,
			);
			name = SerrandaManagerUITests;
			productName = SerrandaManagerUITests;
			productReference = 4CE28633243F3EB30028B773 /* SerrandaManagerUITests.xctest */;
			productType = "com.apple.product-type.bundle.ui-testing";
		};
/* End PBXNativeTarget section */

/* Begin PBXProject section */
		4CE28607243F3EB20028B773 /* Project object */ = {
			isa = PBXProject;
			attributes = {
				LastSwiftUpdateCheck = 1140;
				LastUpgradeCheck = 1140;
				ORGANIZATIONNAME = "Damiano Pugliesi";
				TargetAttributes = {
					4CE2860E243F3EB20028B773 = {
						CreatedOnToolsVersion = 11.4;
					};
					4CE28627243F3EB30028B773 = {
						CreatedOnToolsVersion = 11.4;
						TestTargetID = 4CE2860E243F3EB20028B773;
					};
					4CE28632243F3EB30028B773 = {
						CreatedOnToolsVersion = 11.4;
						TestTargetID = 4CE2860E243F3EB20028B773;
					};
				};
			};
			buildConfigurationList = 4CE2860A243F3EB20028B773 /* Build configuration list for PBXProject "SerrandaManager" */;
			compatibilityVersion = "Xcode 9.3";
			developmentRegion = en;
			hasScannedForEncodings = 0;
			knownRegions = (
				en,
				Base,
			);
			mainGroup = 4CE28606243F3EB20028B773;
			productRefGroup = 4CE28610243F3EB20028B773 /* Products */;
			projectDirPath = "";
			projectRoot = "";
			targets = (
				4CE2860E243F3EB20028B773 /* SerrandaManager */,
				4CE28627243F3EB30028B773 /* SerrandaManagerTests */,
				4CE28632243F3EB30028B773 /* SerrandaManagerUITests */,
			);
		};
/* End PBXProject section */

/* Begin PBXResourcesBuildPhase section */
		4CE2860D243F3EB20028B773 /* Resources */ = {
			isa = PBXResourcesBuildPhase;
			buildActionMask = 2147483647;
			files = (
				4CE28622243F3EB30028B773 /* LaunchScreen.storyboard in Resources */,
				4CE2861F243F3EB30028B773 /* Assets.xcassets in Resources */,
				4CE2861A243F3EB20028B773 /* Main.storyboard in Resources */,
			);
			runOnlyForDeploymentPostprocessing = 0;
		};
		4CE28626243F3EB30028B773 /* Resources */ = {
			isa = PBXResourcesBuildPhase;
			buildActionMask = 2147483647;
			files = (
			);
			runOnlyForDeploymentPostprocessing = 0;
		};
		4CE28631243F3EB30028B773 /* Resources */ = {
			isa = PBXResourcesBuildPhase;
			buildActionMask = 2147483647;
			files = (
			);
			runOnlyForDeploymentPostprocessing = 0;
		};
/* End PBXResourcesBuildPhase section */

/* Begin PBXShellScriptBuildPhase section */
		11C2E1056020A29DE8705A0C /* [CP] Check Pods Manifest.lock */ = {
			isa = PBXShellScriptBuildPhase;
			buildActionMask = 2147483647;
			files = (
			);
			inputFileListPaths = (
			);
			inputPaths = (
				"${PODS_PODFILE_DIR_PATH}/Podfile.lock",
				"${PODS_ROOT}/Manifest.lock",
			);
			name = "[CP] Check Pods Manifest.lock";
			outputFileListPaths = (
			);
			outputPaths = (
				"$(DERIVED_FILE_DIR)/Pods-SerrandaManager-checkManifestLockResult.txt",
			);
			runOnlyForDeploymentPostprocessing = 0;
			shellPath = /bin/sh;
			shellScript = "diff \"${PODS_PODFILE_DIR_PATH}/Podfile.lock\" \"${PODS_ROOT}/Manifest.lock\" > /dev/null\nif [ $? != 0 ] ; then\n    # print error to STDERR\n    echo \"error: The sandbox is not in sync with the Podfile.lock. Run 'pod install' or update your CocoaPods installation.\" >&2\n    exit 1\nfi\n# This output is used by Xcode 'outputs' to avoid re-running this script phase.\necho \"SUCCESS\" > \"${SCRIPT_OUTPUT_FILE_0}\"\n";
			showEnvVarsInLog = 0;
		};
		1D91169CD27B8AF6E63B587C /* [CP] Check Pods Manifest.lock */ = {
			isa = PBXShellScriptBuildPhase;
			buildActionMask = 2147483647;
			files = (
			);
			inputFileListPaths = (
			);
			inputPaths = (
				"${PODS_PODFILE_DIR_PATH}/Podfile.lock",
				"${PODS_ROOT}/Manifest.lock",
			);
			name = "[CP] Check Pods Manifest.lock";
			outputFileListPaths = (
			);
			outputPaths = (
				"$(DERIVED_FILE_DIR)/Pods-SerrandaManagerTests-checkManifestLockResult.txt",
			);
			runOnlyForDeploymentPostprocessing = 0;
			shellPath = /bin/sh;
			shellScript = "diff \"${PODS_PODFILE_DIR_PATH}/Podfile.lock\" \"${PODS_ROOT}/Manifest.lock\" > /dev/null\nif [ $? != 0 ] ; then\n    # print error to STDERR\n    echo \"error: The sandbox is not in sync with the Podfile.lock. Run 'pod install' or update your CocoaPods installation.\" >&2\n    exit 1\nfi\n# This output is used by Xcode 'outputs' to avoid re-running this script phase.\necho \"SUCCESS\" > \"${SCRIPT_OUTPUT_FILE_0}\"\n";
			showEnvVarsInLog = 0;
		};
		2503AECCCD931A54AA826DA5 /* [CP] Check Pods Manifest.lock */ = {
			isa = PBXShellScriptBuildPhase;
			buildActionMask = 2147483647;
			files = (
			);
			inputFileListPaths = (
			);
			inputPaths = (
				"${PODS_PODFILE_DIR_PATH}/Podfile.lock",
				"${PODS_ROOT}/Manifest.lock",
			);
			name = "[CP] Check Pods Manifest.lock";
			outputFileListPaths = (
			);
			outputPaths = (
				"$(DERIVED_FILE_DIR)/Pods-SerrandaManager-SerrandaManagerUITests-checkManifestLockResult.txt",
			);
			runOnlyForDeploymentPostprocessing = 0;
			shellPath = /bin/sh;
			shellScript = "diff \"${PODS_PODFILE_DIR_PATH}/Podfile.lock\" \"${PODS_ROOT}/Manifest.lock\" > /dev/null\nif [ $? != 0 ] ; then\n    # print error to STDERR\n    echo \"error: The sandbox is not in sync with the Podfile.lock. Run 'pod install' or update your CocoaPods installation.\" >&2\n    exit 1\nfi\n# This output is used by Xcode 'outputs' to avoid re-running this script phase.\necho \"SUCCESS\" > \"${SCRIPT_OUTPUT_FILE_0}\"\n";
			showEnvVarsInLog = 0;
		};
/* End PBXShellScriptBuildPhase section */

/* Begin PBXSourcesBuildPhase section */
		4CE2860B243F3EB20028B773 /* Sources */ = {
			isa = PBXSourcesBuildPhase;
			buildActionMask = 2147483647;
			files = (
				4CE28617243F3EB20028B773 /* ViewController.swift in Sources */,
				4CE28613243F3EB20028B773 /* AppDelegate.swift in Sources */,
				4CE28615243F3EB20028B773 /* SceneDelegate.swift in Sources */,
				4CE2861D243F3EB20028B773 /* SerrandaManager.xcdatamodeld in Sources */,
			);
			runOnlyForDeploymentPostprocessing = 0;
		};
		4CE28624243F3EB30028B773 /* Sources */ = {
			isa = PBXSourcesBuildPhase;
			buildActionMask = 2147483647;
			files = (
				4CE2862D243F3EB30028B773 /* SerrandaManagerTests.swift in Sources */,
			);
			runOnlyForDeploymentPostprocessing = 0;
		};
		4CE2862F243F3EB30028B773 /* Sources */ = {
			isa = PBXSourcesBuildPhase;
			buildActionMask = 2147483647;
			files = (
				4CE28638243F3EB30028B773 /* SerrandaManagerUITests.swift in Sources */,
			);
			runOnlyForDeploymentPostprocessing = 0;
		};
/* End PBXSourcesBuildPhase section */

/* Begin PBXTargetDependency section */
		4CE2862A243F3EB30028B773 /* PBXTargetDependency */ = {
			isa = PBXTargetDependency;
			target = 4CE2860E243F3EB20028B773 /* SerrandaManager */;
			targetProxy = 4CE28629243F3EB30028B773 /* PBXContainerItemProxy */;
		};
		4CE28635243F3EB30028B773 /* PBXTargetDependency */ = {
			isa = PBXTargetDependency;
			target = 4CE2860E243F3EB20028B773 /* SerrandaManager */;
			targetProxy = 4CE28634243F3EB30028B773 /* PBXContainerItemProxy */;
		};
/* End PBXTargetDependency section */

/* Begin PBXVariantGroup section */
		4CE28618243F3EB20028B773 /* Main.storyboard */ = {
			isa = PBXVariantGroup;
			children = (
				4CE28619243F3EB20028B773 /* Base */,
			);
			name = Main.storyboard;
			sourceTree = "<group>";
		};
		4CE28620243F3EB30028B773 /* LaunchScreen.storyboard */ = {
			isa = PBXVariantGroup;
			children = (
				4CE28621243F3EB30028B773 /* Base */,
			);
			name = LaunchScreen.storyboard;
			sourceTree = "<group>";
		};
/* End PBXVariantGroup section */

/* Begin XCBuildConfiguration section */
		4CE2863A243F3EB30028B773 /* Debug */ = {
			isa = XCBuildConfiguration;
			buildSettings = {
				ALWAYS_SEARCH_USER_PATHS = NO;
				CLANG_ANALYZER_NONNULL = YES;
				CLANG_ANALYZER_NUMBER_OBJECT_CONVERSION = YES_AGGRESSIVE;
				CLANG_CXX_LANGUAGE_STANDARD = "gnu++14";
				CLANG_CXX_LIBRARY = "libc++";
				CLANG_ENABLE_MODULES = YES;
				CLANG_ENABLE_OBJC_ARC = YES;
				CLANG_ENABLE_OBJC_WEAK = YES;
				CLANG_WARN_BLOCK_CAPTURE_AUTORELEASING = YES;
				CLANG_WARN_BOOL_CONVERSION = YES;
				CLANG_WARN_COMMA = YES;
				CLANG_WARN_CONSTANT_CONVERSION = YES;
				CLANG_WARN_DEPRECATED_OBJC_IMPLEMENTATIONS = YES;
				CLANG_WARN_DIRECT_OBJC_ISA_USAGE = YES_ERROR;
				CLANG_WARN_DOCUMENTATION_COMMENTS = YES;
				CLANG_WARN_EMPTY_BODY = YES;
				CLANG_WARN_ENUM_CONVERSION = YES;
				CLANG_WARN_INFINITE_RECURSION = YES;
				CLANG_WARN_INT_CONVERSION = YES;
				CLANG_WARN_NON_LITERAL_NULL_CONVERSION = YES;
				CLANG_WARN_OBJC_IMPLICIT_RETAIN_SELF = YES;
				CLANG_WARN_OBJC_LITERAL_CONVERSION = YES;
				CLANG_WARN_OBJC_ROOT_CLASS = YES_ERROR;
				CLANG_WARN_RANGE_LOOP_ANALYSIS = YES;
				CLANG_WARN_STRICT_PROTOTYPES = YES;
				CLANG_WARN_SUSPICIOUS_MOVE = YES;
				CLANG_WARN_UNGUARDED_AVAILABILITY = YES_AGGRESSIVE;
				CLANG_WARN_UNREACHABLE_CODE = YES;
				CLANG_WARN__DUPLICATE_METHOD_MATCH = YES;
				COPY_PHASE_STRIP = NO;
				DEBUG_INFORMATION_FORMAT = dwarf;
				ENABLE_STRICT_OBJC_MSGSEND = YES;
				ENABLE_TESTABILITY = YES;
				GCC_C_LANGUAGE_STANDARD = gnu11;
				GCC_DYNAMIC_NO_PIC = NO;
				GCC_NO_COMMON_BLOCKS = YES;
				GCC_OPTIMIZATION_LEVEL = 0;
				GCC_PREPROCESSOR_DEFINITIONS = (
					"DEBUG=1",
					"$(inherited)",
				);
				GCC_WARN_64_TO_32_BIT_CONVERSION = YES;
				GCC_WARN_ABOUT_RETURN_TYPE = YES_ERROR;
				GCC_WARN_UNDECLARED_SELECTOR = YES;
				GCC_WARN_UNINITIALIZED_AUTOS = YES_AGGRESSIVE;
				GCC_WARN_UNUSED_FUNCTION = YES;
				GCC_WARN_UNUSED_VARIABLE = YES;
				IPHONEOS_DEPLOYMENT_TARGET = 13.4;
				MTL_ENABLE_DEBUG_INFO = INCLUDE_SOURCE;
				MTL_FAST_MATH = YES;
				ONLY_ACTIVE_ARCH = YES;
				SDKROOT = iphoneos;
				SWIFT_ACTIVE_COMPILATION_CONDITIONS = DEBUG;
				SWIFT_OPTIMIZATION_LEVEL = "-Onone";
			};
			name = Debug;
		};
		4CE2863B243F3EB30028B773 /* Release */ = {
			isa = XCBuildConfiguration;
			buildSettings = {
				ALWAYS_SEARCH_USER_PATHS = NO;
				CLANG_ANALYZER_NONNULL = YES;
				CLANG_ANALYZER_NUMBER_OBJECT_CONVERSION = YES_AGGRESSIVE;
				CLANG_CXX_LANGUAGE_STANDARD = "gnu++14";
				CLANG_CXX_LIBRARY = "libc++";
				CLANG_ENABLE_MODULES = YES;
				CLANG_ENABLE_OBJC_ARC = YES;
				CLANG_ENABLE_OBJC_WEAK = YES;
				CLANG_WARN_BLOCK_CAPTURE_AUTORELEASING = YES;
				CLANG_WARN_BOOL_CONVERSION = YES;
				CLANG_WARN_COMMA = YES;
				CLANG_WARN_CONSTANT_CONVERSION = YES;
				CLANG_WARN_DEPRECATED_OBJC_IMPLEMENTATIONS = YES;
				CLANG_WARN_DIRECT_OBJC_ISA_USAGE = YES_ERROR;
				CLANG_WARN_DOCUMENTATION_COMMENTS = YES;
				CLANG_WARN_EMPTY_BODY = YES;
				CLANG_WARN_ENUM_CONVERSION = YES;
				CLANG_WARN_INFINITE_RECURSION = YES;
				CLANG_WARN_INT_CONVERSION = YES;
				CLANG_WARN_NON_LITERAL_NULL_CONVERSION = YES;
				CLANG_WARN_OBJC_IMPLICIT_RETAIN_SELF = YES;
				CLANG_WARN_OBJC_LITERAL_CONVERSION = YES;
				CLANG_WARN_OBJC_ROOT_CLASS = YES_ERROR;
				CLANG_WARN_RANGE_LOOP_ANALYSIS = YES;
				CLANG_WARN_STRICT_PROTOTYPES = YES;
				CLANG_WARN_SUSPICIOUS_MOVE = YES;
				CLANG_WARN_UNGUARDED_AVAILABILITY = YES_AGGRESSIVE;
				CLANG_WARN_UNREACHABLE_CODE = YES;
				CLANG_WARN__DUPLICATE_METHOD_MATCH = YES;
				COPY_PHASE_STRIP = NO;
				DEBUG_INFORMATION_FORMAT = "dwarf-with-dsym";
				ENABLE_NS_ASSERTIONS = NO;
				ENABLE_STRICT_OBJC_MSGSEND = YES;
				GCC_C_LANGUAGE_STANDARD = gnu11;
				GCC_NO_COMMON_BLOCKS = YES;
				GCC_WARN_64_TO_32_BIT_CONVERSION = YES;
				GCC_WARN_ABOUT_RETURN_TYPE = YES_ERROR;
				GCC_WARN_UNDECLARED_SELECTOR = YES;
				GCC_WARN_UNINITIALIZED_AUTOS = YES_AGGRESSIVE;
				GCC_WARN_UNUSED_FUNCTION = YES;
				GCC_WARN_UNUSED_VARIABLE = YES;
				IPHONEOS_DEPLOYMENT_TARGET = 13.4;
				MTL_ENABLE_DEBUG_INFO = NO;
				MTL_FAST_MATH = YES;
				SDKROOT = iphoneos;
				SWIFT_COMPILATION_MODE = wholemodule;
				SWIFT_OPTIMIZATION_LEVEL = "-O";
				VALIDATE_PRODUCT = YES;
			};
			name = Release;
		};
		4CE2863D243F3EB30028B773 /* Debug */ = {
			isa = XCBuildConfiguration;
			baseConfigurationReference = 5663B310265CC8391A31F255 /* Pods-SerrandaManager.debug.xcconfig */;
			buildSettings = {
				ASSETCATALOG_COMPILER_APPICON_NAME = AppIcon;
				CODE_SIGN_ENTITLEMENTS = SerrandaManager/SerrandaManager.entitlements;
				CODE_SIGN_STYLE = Automatic;
				DEVELOPMENT_TEAM = SKWQ4KG5K7;
				INFOPLIST_FILE = SerrandaManager/Info.plist;
				IPHONEOS_DEPLOYMENT_TARGET = 13.1;
				LD_RUNPATH_SEARCH_PATHS = (
					"$(inherited)",
					"@executable_path/Frameworks",
				);
				PRODUCT_BUNDLE_IDENTIFIER = DamianoPugliesi.SerrandaManager;
				PRODUCT_NAME = "$(TARGET_NAME)";
				SUPPORTS_MACCATALYST = YES;
				SWIFT_VERSION = 5.0;
				TARGETED_DEVICE_FAMILY = "1,2";
			};
			name = Debug;
		};
		4CE2863E243F3EB30028B773 /* Release */ = {
			isa = XCBuildConfiguration;
			baseConfigurationReference = 1CE8FC906CFBA734C8A23D92 /* Pods-SerrandaManager.release.xcconfig */;
			buildSettings = {
				ASSETCATALOG_COMPILER_APPICON_NAME = AppIcon;
				CODE_SIGN_ENTITLEMENTS = SerrandaManager/SerrandaManager.entitlements;
				CODE_SIGN_STYLE = Automatic;
				DEVELOPMENT_TEAM = SKWQ4KG5K7;
				INFOPLIST_FILE = SerrandaManager/Info.plist;
				IPHONEOS_DEPLOYMENT_TARGET = 13.1;
				LD_RUNPATH_SEARCH_PATHS = (
					"$(inherited)",
					"@executable_path/Frameworks",
				);
				PRODUCT_BUNDLE_IDENTIFIER = DamianoPugliesi.SerrandaManager;
				PRODUCT_NAME = "$(TARGET_NAME)";
				SUPPORTS_MACCATALYST = YES;
				SWIFT_VERSION = 5.0;
				TARGETED_DEVICE_FAMILY = "1,2";
			};
			name = Release;
		};
		4CE28640243F3EB30028B773 /* Debug */ = {
			isa = XCBuildConfiguration;
			baseConfigurationReference = 5335906A52668922816EE348 /* Pods-SerrandaManagerTests.debug.xcconfig */;
			buildSettings = {
				ALWAYS_EMBED_SWIFT_STANDARD_LIBRARIES = YES;
				BUNDLE_LOADER = "$(TEST_HOST)";
				CODE_SIGN_STYLE = Automatic;
				DEVELOPMENT_TEAM = SKWQ4KG5K7;
				INFOPLIST_FILE = SerrandaManagerTests/Info.plist;
				IPHONEOS_DEPLOYMENT_TARGET = 13.4;
				LD_RUNPATH_SEARCH_PATHS = (
					"$(inherited)",
					"@executable_path/Frameworks",
					"@loader_path/Frameworks",
				);
				PRODUCT_BUNDLE_IDENTIFIER = DamianoPugliesi.SerrandaManagerTests;
				PRODUCT_NAME = "$(TARGET_NAME)";
				SWIFT_VERSION = 5.0;
				TARGETED_DEVICE_FAMILY = "1,2";
				TEST_HOST = "$(BUILT_PRODUCTS_DIR)/SerrandaManager.app/SerrandaManager";
			};
			name = Debug;
		};
		4CE28641243F3EB30028B773 /* Release */ = {
			isa = XCBuildConfiguration;
			baseConfigurationReference = 0099702FE4D25CBAF9651E1E /* Pods-SerrandaManagerTests.release.xcconfig */;
			buildSettings = {
				ALWAYS_EMBED_SWIFT_STANDARD_LIBRARIES = YES;
				BUNDLE_LOADER = "$(TEST_HOST)";
				CODE_SIGN_STYLE = Automatic;
				DEVELOPMENT_TEAM = SKWQ4KG5K7;
				INFOPLIST_FILE = SerrandaManagerTests/Info.plist;
				IPHONEOS_DEPLOYMENT_TARGET = 13.4;
				LD_RUNPATH_SEARCH_PATHS = (
					"$(inherited)",
					"@executable_path/Frameworks",
					"@loader_path/Frameworks",
				);
				PRODUCT_BUNDLE_IDENTIFIER = DamianoPugliesi.SerrandaManagerTests;
				PRODUCT_NAME = "$(TARGET_NAME)";
				SWIFT_VERSION = 5.0;
				TARGETED_DEVICE_FAMILY = "1,2";
				TEST_HOST = "$(BUILT_PRODUCTS_DIR)/SerrandaManager.app/SerrandaManager";
			};
			name = Release;
		};
		4CE28643243F3EB30028B773 /* Debug */ = {
			isa = XCBuildConfiguration;
			baseConfigurationReference = 44D9408F7346E163499E3BCB /* Pods-SerrandaManager-SerrandaManagerUITests.debug.xcconfig */;
			buildSettings = {
				ALWAYS_EMBED_SWIFT_STANDARD_LIBRARIES = YES;
				CODE_SIGN_STYLE = Automatic;
				DEVELOPMENT_TEAM = SKWQ4KG5K7;
				INFOPLIST_FILE = SerrandaManagerUITests/Info.plist;
				LD_RUNPATH_SEARCH_PATHS = (
					"$(inherited)",
					"@executable_path/Frameworks",
					"@loader_path/Frameworks",
				);
				PRODUCT_BUNDLE_IDENTIFIER = DamianoPugliesi.SerrandaManagerUITests;
				PRODUCT_NAME = "$(TARGET_NAME)";
				SWIFT_VERSION = 5.0;
				TARGETED_DEVICE_FAMILY = "1,2";
				TEST_TARGET_NAME = SerrandaManager;
			};
			name = Debug;
		};
		4CE28644243F3EB30028B773 /* Release */ = {
			isa = XCBuildConfiguration;
			baseConfigurationReference = 729AEF7897AABF3BABE0CF64 /* Pods-SerrandaManager-SerrandaManagerUITests.release.xcconfig */;
			buildSettings = {
				ALWAYS_EMBED_SWIFT_STANDARD_LIBRARIES = YES;
				CODE_SIGN_STYLE = Automatic;
				DEVELOPMENT_TEAM = SKWQ4KG5K7;
				INFOPLIST_FILE = SerrandaManagerUITests/Info.plist;
				LD_RUNPATH_SEARCH_PATHS = (
					"$(inherited)",
					"@executable_path/Frameworks",
					"@loader_path/Frameworks",
				);
				PRODUCT_BUNDLE_IDENTIFIER = DamianoPugliesi.SerrandaManagerUITests;
				PRODUCT_NAME = "$(TARGET_NAME)";
				SWIFT_VERSION = 5.0;
				TARGETED_DEVICE_FAMILY = "1,2";
				TEST_TARGET_NAME = SerrandaManager;
			};
			name = Release;
		};
/* End XCBuildConfiguration section */

/* Begin XCConfigurationList section */
		4CE2860A243F3EB20028B773 /* Build configuration list for PBXProject "SerrandaManager" */ = {
			isa = XCConfigurationList;
			buildConfigurations = (
				4CE2863A243F3EB30028B773 /* Debug */,
				4CE2863B243F3EB30028B773 /* Release */,
			);
			defaultConfigurationIsVisible = 0;
			defaultConfigurationName = Release;
		};
		4CE2863C243F3EB30028B773 /* Build configuration list for PBXNativeTarget "SerrandaManager" */ = {
			isa = XCConfigurationList;
			buildConfigurations = (
				4CE2863D243F3EB30028B773 /* Debug */,
				4CE2863E243F3EB30028B773 /* Release */,
			);
			defaultConfigurationIsVisible = 0;
			defaultConfigurationName = Release;
		};
		4CE2863F243F3EB30028B773 /* Build configuration list for PBXNativeTarget "SerrandaManagerTests" */ = {
			isa = XCConfigurationList;
			buildConfigurations = (
				4CE28640243F3EB30028B773 /* Debug */,
				4CE28641243F3EB30028B773 /* Release */,
			);
			defaultConfigurationIsVisible = 0;
			defaultConfigurationName = Release;
		};
		4CE28642243F3EB30028B773 /* Build configuration list for PBXNativeTarget "SerrandaManagerUITests" */ = {
			isa = XCConfigurationList;
			buildConfigurations = (
				4CE28643243F3EB30028B773 /* Debug */,
				4CE28644243F3EB30028B773 /* Release */,
			);
			defaultConfigurationIsVisible = 0;
			defaultConfigurationName = Release;
		};
/* End XCConfigurationList section */

/* Begin XCVersionGroup section */
		4CE2861B243F3EB20028B773 /* SerrandaManager.xcdatamodeld */ = {
			isa = XCVersionGroup;
			children = (
				4CE2861C243F3EB20028B773 /* SerrandaManager.xcdatamodel */,
			);
			currentVersion = 4CE2861C243F3EB20028B773 /* SerrandaManager.xcdatamodel */;
			path = SerrandaManager.xcdatamodeld;
			sourceTree = "<group>";
			versionGroupType = wrapper.xcdatamodel;
		};
/* End XCVersionGroup section */
	};
	rootObject = 4CE28607243F3EB20028B773 /* Project object */;
}
